<?xml version="1.0" encoding="UTF-8" standalone="yes" ?>
<CodeBlocks_project_file>
	<FileVersion major="1" minor="6" />
	<Project>
		<Option title="ScarDuck" />
		<Option pch_mode="2" />
		<Option compiler="gcc" />
		<Build>
			<Target title="Debug">
				<Option output="bin\Debug\ScarDuck" prefix_auto="1" extension_auto="1" />
				<Option object_output="obj\Debug\" />
				<Option type="1" />
				<Option compiler="gcc" />
				<Compiler>
					<Add option="-g" />
				</Compiler>
			</Target>
			<Target title="Release">
				<Option output="bin\Release\ScarDuck" prefix_auto="1" extension_auto="1" />
				<Option object_output="obj\Release\" />
				<Option type="1" />
				<Option compiler="gcc" />
				<Compiler>
					<Add option="-O2" />
				</Compiler>
				<Linker>
					<Add option="-s" />
				</Linker>
			</Target>
		</Build>
		<Compiler>
			<Add option="-Wall" />
			<Add option="-fexceptions" />
		</Compiler>
		<Unit filename="1.10.1.delNumInStr.cpp" />
		<Unit filename="1.10.10.arrayMultiplyAssignment.cpp" />
		<Unit filename="1.10.2.firstLongestSubstrInTwoStr.cpp" />
		<Unit filename="1.10.3.reverseStringWithoutMem.cpp" />
		<Unit filename="1.10.4.longestArithmeticSquence.cpp" />
		<Unit filename="1.10.5.externalSort.cpp" />
		<Unit filename="1.10.6.judgeArrayIncreaseRecursive.cpp" />
		<Unit filename="1.10.7.nEggMBracket.cpp" />
		<Unit filename="1.10.8.hash.cpp" />
		<Unit filename="1.10.9.brotherString.cpp" />
		<Unit filename="1.11.1.minAbsDiffOfTwo.cpp" />
		<Unit filename="1.11.2.mergeStr.cpp" />
		<Unit filename="1.11.3.positiveIntDevide.cpp" />
		<Unit filename="1.11.4.slope.cpp" />
		<Unit filename="1.11.5.stringCompression.cpp" />
		<Unit filename="1.11.6.findReplacedNum.cpp" />
		<Unit filename="1.11.7.findTheRepeatNum.cpp" />
		<Unit filename="1.11.8.javaHashtableAndHashMap.cpp" />
		<Unit filename="1.11.9.permutationsOfNum.cpp" />
		<Unit filename="1.12.1.delRepeatNodeInTwoList.cpp" />
		<Unit filename="1.12.10.findSpecialNodeInBSTree.cpp" />
		<Unit filename="1.12.11.strstrAndStrncmp.cpp" />
		<Unit filename="1.12.2.longestCommonString.cpp" />
		<Unit filename="1.12.3.unsignedLong2Binary.cpp" />
		<Unit filename="1.12.4.40yiInt.cpp" />
		<Unit filename="1.12.5.bitmap.cpp" />
		<Unit filename="1.12.6.define.cpp" />
		<Unit filename="1.12.7.greaterThanK.cpp" />
		<Unit filename="1.12.8.randomFunction.cpp" />
		<Unit filename="1.12.9.judgeNumIsSquareOfSomeone.cpp" />
		<Unit filename="1.13.1.splitSet2TwoEqualSet.cpp" />
		<Unit filename="1.13.10.algorithmDesign.cpp" />
		<Unit filename="1.13.2.topK.cpp" />
		<Unit filename="1.13.3.javaCollection.cpp" />
		<Unit filename="1.13.4.printMatrixClockwisely.cpp" />
		<Unit filename="1.13.5.allSubsetInSet.cpp" />
		<Unit filename="1.13.6.exchangeOddAndEvenBits.cpp" />
		<Unit filename="1.13.7.binarySearch.cpp" />
		<Unit filename="1.13.8.setMerge.cpp" />
		<Unit filename="1.13.9.subsetAndCombination.cpp" />
		<Unit filename="1.14.1.bubbleSort.cpp" />
		<Unit filename="1.2.1.BSTree2List.cpp" />
		<Unit filename="1.2.10.MaxLenInBTree.cpp" />
		<Unit filename="1.2.3.StackWithMin.cpp" />
		<Unit filename="1.2.4.MaxSumInSubArray.cpp" />
		<Unit filename="1.2.5.SumOfPathInBSTree.cpp" />
		<Unit filename="1.2.7.ReverseSentence.cpp" />
		<Unit filename="1.2.8.verifySquenceOfBSTree.cpp" />
		<Unit filename="1.3.1 1+2+...+n.cpp" />
		<Unit filename="1.3.10.algorithmDesign.cpp" />
		<Unit filename="1.3.2 findKthNodeFromTail.cpp" />
		<Unit filename="1.3.3.sumOfTwoNum.cpp" />
		<Unit filename="1.3.4.convertBSTree2Mirror.cpp" />
		<Unit filename="1.3.5.visitByLevelBSTree.cpp" />
		<Unit filename="1.3.6. findOnlyOnceChar.cpp" />
		<Unit filename="1.3.7.lastNumInCircle.cpp" />
		<Unit filename="1.3.8.Fibonacci.cpp" />
		<Unit filename="1.3.8.Fibonacci11.c">
			<Option compilerVar="CC" />
		</Unit>
		<Unit filename="1.3.9.FindNumberInLeftShiftSequence.cpp" />
		<Unit filename="1.4.1.BSTreePreOrder.cpp" />
		<Unit filename="1.4.10.numOfOneInBinary.cpp" />
		<Unit filename="1.4.2.listMerge.cpp" />
		<Unit filename="1.4.3.nStringOfMplusOneLength.cpp" />
		<Unit filename="1.4.4.nTroopCompete.cpp" />
		<Unit filename="1.4.5.max2DSubMatrix.cpp" />
		<Unit filename="1.4.6.powerfulHarmoniousSystem.cpp" />
		<Unit filename="1.4.7.minSquenceFromAandB.cpp" />
		<Unit filename="1.4.8.numOf1InDecimal.cpp" />
		<Unit filename="1.4.9.squenceOfStackPushPop.cpp" />
		<Unit filename="1.5.1.jumpStairs.cpp" />
		<Unit filename="1.5.10.nIntSquenceSumN.cpp" />
		<Unit filename="1.5.2.stringLeftRotation.cpp" />
		<Unit filename="1.5.3.findMaxNumString.cpp" />
		<Unit filename="1.5.4.listManipulation.cpp" />
		<Unit filename="1.5.5.fourRedCardsAndFourBlueCards.cpp" />
		<Unit filename="1.5.6.combineOfNEqualM.cpp" />
		<Unit filename="1.5.7.convertString2Int.cpp" />
		<Unit filename="1.5.8.lis.cpp" />
		<Unit filename="1.5.9.nBrackets.cpp" />
		<Unit filename="1.6.1.btreeDepth.cpp" />
		<Unit filename="1.6.10.delCharInString.cpp" />
		<Unit filename="1.6.2.fullPermutationsOfString.cpp" />
		<Unit filename="1.6.3.partitionByOddAndEven.cpp" />
		<Unit filename="1.6.4.deleteListNodeInO1.cpp" />
		<Unit filename="1.6.5.reversePrintListNode.cpp" />
		<Unit filename="1.6.6.finalClassInCpp.cpp" />
		<Unit filename="1.6.8.twoNotRepeatedNumInArr.cpp" />
		<Unit filename="1.6.9.commonNodeInTwoList.cpp" />
		<Unit filename="1.7.1.uglyNumber.cpp" />
		<Unit filename="1.7.10.powerLogn.cpp" />
		<Unit filename="1.7.2.printOne2MaxOfN.cpp" />
		<Unit filename="1.7.3.reversePrintStack.cpp" />
		<Unit filename="1.7.4.fivePokerIsJunko.cpp" />
		<Unit filename="1.7.5.sumOfNDice.cpp" />
		<Unit filename="1.7.6.arrangeArray2SmallestNum.cpp" />
		<Unit filename="1.7.7.minNumInRotateArray.cpp" />
		<Unit filename="1.7.8.permutationsOfSring.cpp" />
		<Unit filename="1.7.9.power.cpp" />
		<Unit filename="1.8.1.longestPalindrome.cpp" />
		<Unit filename="1.8.10.urlsize.cpp" />
		<Unit filename="1.8.2.numGreaterThanHalf.cpp" />
		<Unit filename="1.8.3.lowestParentOfTwoNode.cpp" />
		<Unit filename="1.8.4.complexList.cpp" />
		<Unit filename="1.8.5.aboutList.cpp" />
		<Unit filename="1.8.6.arrayCompareList.cpp" />
		<Unit filename="1.8.7.strstr.cpp" />
		<Unit filename="1.8.8.numLeftSmallRightGreat.cpp" />
		<Unit filename="1.8.9.reverseStringPair.cpp" />
		<Unit filename="1.9.1.partitionArrayByOdd.cpp" />
		<Unit filename="1.9.10.listReverse.cpp" />
		<Unit filename="1.9.2.memmove.cpp" />
		<Unit filename="1.9.3.randomGenerator.cpp" />
		<Unit filename="1.9.4.searchQuery.cpp" />
		<Unit filename="1.9.5.substrCntInStr.cpp" />
		<Unit filename="1.9.6.array2tree.cpp" />
		<Unit filename="1.9.7.bigIntMultiple.cpp" />
		<Unit filename="1.9.8.continuousIncreaseNumStr.cpp" />
		<Unit filename="1.9.9.moveStar2Front.cpp" />
		<Unit filename="test.cpp" />
		<Extensions>
			<code_completion />
			<envvars />
			<debugger />
			<lib_finder disable_auto="1" />
		</Extensions>
	</Project>
</CodeBlocks_project_file>
